// !$*UTF8*$!
{
	archiveVersion = 1;
	classes = {
	};
	objectVersion = 55;
	objects = {

/* Begin PBXBuildFile section */
		ED29E7E228DB460C00F50035 /* Mock.swift in Sources */ = {isa = PBXBuildFile; fileRef = ED29E7E128DB460C00F50035 /* Mock.swift */; };
		ED29E7E528DB51B500F50035 /* CoreDataStackMock.swift in Sources */ = {isa = PBXBuildFile; fileRef = ED29E7E428DB51B500F50035 /* CoreDataStackMock.swift */; };
		ED29E7E828DB904800F50035 /* StubTest.swift in Sources */ = {isa = PBXBuildFile; fileRef = ED29E7E728DB904800F50035 /* StubTest.swift */; };
		ED29E7EA28DB977600F50035 /* ApiRepository.swift in Sources */ = {isa = PBXBuildFile; fileRef = ED29E7E928DB977600F50035 /* ApiRepository.swift */; };
		ED29E7F028DC7A7C00F50035 /* ApiRepositoryTest.swift in Sources */ = {isa = PBXBuildFile; fileRef = ED29E7EF28DC7A7C00F50035 /* ApiRepositoryTest.swift */; };
		ED29E7F228DCBD8900F50035 /* InjectionTest.swift in Sources */ = {isa = PBXBuildFile; fileRef = ED29E7F128DCBD8900F50035 /* InjectionTest.swift */; };
		ED29E7F728DCEEC200F50035 /* ArticlesService.swift in Sources */ = {isa = PBXBuildFile; fileRef = ED29E7F628DCEEC200F50035 /* ArticlesService.swift */; };
		ED29E7F928DD033200F50035 /* DIContainer.swift in Sources */ = {isa = PBXBuildFile; fileRef = ED29E7F828DD033200F50035 /* DIContainer.swift */; };
		ED29E7FC28DDEBC600F50035 /* Constants.swift in Sources */ = {isa = PBXBuildFile; fileRef = ED29E7FB28DDEBC600F50035 /* Constants.swift */; };
		ED29E7FE28DE1B5900F50035 /* Authentication.swift in Sources */ = {isa = PBXBuildFile; fileRef = ED29E7FD28DE1B5900F50035 /* Authentication.swift */; };
		ED29E80028DE1CFD00F50035 /* ArrayResult.swift in Sources */ = {isa = PBXBuildFile; fileRef = ED29E7FF28DE1CFD00F50035 /* ArrayResult.swift */; };
		ED29E80328DE2C1E00F50035 /* Date+Extension.swift in Sources */ = {isa = PBXBuildFile; fileRef = ED29E80228DE2C1E00F50035 /* Date+Extension.swift */; };
		ED29E80A28DF077D00F50035 /* HomeView.swift in Sources */ = {isa = PBXBuildFile; fileRef = ED29E80928DF077D00F50035 /* HomeView.swift */; };
		ED29E80C28DF07C400F50035 /* HomeViewModel.swift in Sources */ = {isa = PBXBuildFile; fileRef = ED29E80B28DF07C400F50035 /* HomeViewModel.swift */; };
		ED29E80E28DF1C4600F50035 /* Loadable.swift in Sources */ = {isa = PBXBuildFile; fileRef = ED29E80D28DF1C4600F50035 /* Loadable.swift */; };
		ED29E81028DF354100F50035 /* MockAPI.swift in Sources */ = {isa = PBXBuildFile; fileRef = ED29E7EB28DBA97D00F50035 /* MockAPI.swift */; };
		ED53C95028D2449700001A56 /* NewzModel.xcdatamodeld in Sources */ = {isa = PBXBuildFile; fileRef = ED53C94E28D2449700001A56 /* NewzModel.xcdatamodeld */; };
		ED53C95228D245DE00001A56 /* CoreDateStack.swift in Sources */ = {isa = PBXBuildFile; fileRef = ED53C95128D245DE00001A56 /* CoreDateStack.swift */; };
		ED53C95528D248A200001A56 /* Article.swift in Sources */ = {isa = PBXBuildFile; fileRef = ED53C95428D248A200001A56 /* Article.swift */; };
		ED53C95728D249FF00001A56 /* Article+CoreData.swift in Sources */ = {isa = PBXBuildFile; fileRef = ED53C95628D249FF00001A56 /* Article+CoreData.swift */; };
		ED53C96728D25EE600001A56 /* CoreDateStackTests.swift in Sources */ = {isa = PBXBuildFile; fileRef = ED53C96628D25EE600001A56 /* CoreDateStackTests.swift */; };
		ED5DF17A28D75F2600ACD07C /* Stub.swift in Sources */ = {isa = PBXBuildFile; fileRef = ED5DF17928D75F2600ACD07C /* Stub.swift */; };
		ED5DF17D28D7699E00ACD07C /* articles.json in Resources */ = {isa = PBXBuildFile; fileRef = ED5DF17C28D7699E00ACD07C /* articles.json */; };
		ED5EF2B428D8E87700BB91CE /* ArticlesDbRepoTests.swift in Sources */ = {isa = PBXBuildFile; fileRef = ED5EF2B328D8E87700BB91CE /* ArticlesDbRepoTests.swift */; };
		ED5EF2B828D8FFDA00BB91CE /* ArticlesApiRepoTests.swift in Sources */ = {isa = PBXBuildFile; fileRef = ED5EF2B728D8FFDA00BB91CE /* ArticlesApiRepoTests.swift */; };
		ED5F035728D3928D003FC51F /* ArticlesApiRepo.swift in Sources */ = {isa = PBXBuildFile; fileRef = ED5F035628D3928D003FC51F /* ArticlesApiRepo.swift */; };
		ED5F035A28D394DA003FC51F /* Injectable.swift in Sources */ = {isa = PBXBuildFile; fileRef = ED5F035928D394DA003FC51F /* Injectable.swift */; };
		ED5F035C28D47DC6003FC51F /* ArticlesDbRepo.swift in Sources */ = {isa = PBXBuildFile; fileRef = ED5F035B28D47DC6003FC51F /* ArticlesDbRepo.swift */; };
		ED5F035E28D4A1F5003FC51F /* Injector.swift in Sources */ = {isa = PBXBuildFile; fileRef = ED5F035D28D4A1F5003FC51F /* Injector.swift */; };
		ED5F036128D513B3003FC51F /* config.plist in Resources */ = {isa = PBXBuildFile; fileRef = ED5F036028D513B3003FC51F /* config.plist */; };
		ED5F036428D53722003FC51F /* ApiCall.swift in Sources */ = {isa = PBXBuildFile; fileRef = ED5F036328D53722003FC51F /* ApiCall.swift */; };
		EDDDB7D928D36429009AFBD5 /* TestHelpers.swift in Sources */ = {isa = PBXBuildFile; fileRef = EDDDB7D828D36429009AFBD5 /* TestHelpers.swift */; };
		EDE989D128D0C18D00D6CDEF /* NewzApp.swift in Sources */ = {isa = PBXBuildFile; fileRef = EDE989D028D0C18D00D6CDEF /* NewzApp.swift */; };
		EDE989D328D0C18D00D6CDEF /* ContentView.swift in Sources */ = {isa = PBXBuildFile; fileRef = EDE989D228D0C18D00D6CDEF /* ContentView.swift */; };
		EDE989D528D0C19100D6CDEF /* Assets.xcassets in Resources */ = {isa = PBXBuildFile; fileRef = EDE989D428D0C19100D6CDEF /* Assets.xcassets */; };
		EDE989D828D0C19100D6CDEF /* Preview Assets.xcassets in Resources */ = {isa = PBXBuildFile; fileRef = EDE989D728D0C19100D6CDEF /* Preview Assets.xcassets */; };
/* End PBXBuildFile section */

/* Begin PBXContainerItemProxy section */
		ED53C96028D25E6E00001A56 /* PBXContainerItemProxy */ = {
			isa = PBXContainerItemProxy;
			containerPortal = EDE989C528D0C18D00D6CDEF /* Project object */;
			proxyType = 1;
			remoteGlobalIDString = EDE989CC28D0C18D00D6CDEF;
			remoteInfo = Newz;
		};
/* End PBXContainerItemProxy section */

/* Begin PBXFileReference section */
		ED29E7E128DB460C00F50035 /* Mock.swift */ = {isa = PBXFileReference; lastKnownFileType = sourcecode.swift; path = Mock.swift; sourceTree = "<group>"; };
		ED29E7E428DB51B500F50035 /* CoreDataStackMock.swift */ = {isa = PBXFileReference; lastKnownFileType = sourcecode.swift; path = CoreDataStackMock.swift; sourceTree = "<group>"; };
		ED29E7E728DB904800F50035 /* StubTest.swift */ = {isa = PBXFileReference; lastKnownFileType = sourcecode.swift; path = StubTest.swift; sourceTree = "<group>"; };
		ED29E7E928DB977600F50035 /* ApiRepository.swift */ = {isa = PBXFileReference; lastKnownFileType = sourcecode.swift; path = ApiRepository.swift; sourceTree = "<group>"; };
		ED29E7EB28DBA97D00F50035 /* MockAPI.swift */ = {isa = PBXFileReference; lastKnownFileType = sourcecode.swift; path = MockAPI.swift; sourceTree = "<group>"; };
		ED29E7EF28DC7A7C00F50035 /* ApiRepositoryTest.swift */ = {isa = PBXFileReference; lastKnownFileType = sourcecode.swift; path = ApiRepositoryTest.swift; sourceTree = "<group>"; };
		ED29E7F128DCBD8900F50035 /* InjectionTest.swift */ = {isa = PBXFileReference; lastKnownFileType = sourcecode.swift; path = InjectionTest.swift; sourceTree = "<group>"; };
		ED29E7F628DCEEC200F50035 /* ArticlesService.swift */ = {isa = PBXFileReference; lastKnownFileType = sourcecode.swift; path = ArticlesService.swift; sourceTree = "<group>"; };
		ED29E7F828DD033200F50035 /* DIContainer.swift */ = {isa = PBXFileReference; lastKnownFileType = sourcecode.swift; path = DIContainer.swift; sourceTree = "<group>"; };
		ED29E7FB28DDEBC600F50035 /* Constants.swift */ = {isa = PBXFileReference; lastKnownFileType = sourcecode.swift; path = Constants.swift; sourceTree = "<group>"; };
		ED29E7FD28DE1B5900F50035 /* Authentication.swift */ = {isa = PBXFileReference; lastKnownFileType = sourcecode.swift; path = Authentication.swift; sourceTree = "<group>"; };
		ED29E7FF28DE1CFD00F50035 /* ArrayResult.swift */ = {isa = PBXFileReference; lastKnownFileType = sourcecode.swift; path = ArrayResult.swift; sourceTree = "<group>"; };
		ED29E80228DE2C1E00F50035 /* Date+Extension.swift */ = {isa = PBXFileReference; lastKnownFileType = sourcecode.swift; path = "Date+Extension.swift"; sourceTree = "<group>"; };
		ED29E80728DE6A9B00F50035 /* Info.plist */ = {isa = PBXFileReference; lastKnownFileType = text.plist; path = Info.plist; sourceTree = "<group>"; };
		ED29E80928DF077D00F50035 /* HomeView.swift */ = {isa = PBXFileReference; lastKnownFileType = sourcecode.swift; path = HomeView.swift; sourceTree = "<group>"; };
		ED29E80B28DF07C400F50035 /* HomeViewModel.swift */ = {isa = PBXFileReference; lastKnownFileType = sourcecode.swift; path = HomeViewModel.swift; sourceTree = "<group>"; };
		ED29E80D28DF1C4600F50035 /* Loadable.swift */ = {isa = PBXFileReference; lastKnownFileType = sourcecode.swift; path = Loadable.swift; sourceTree = "<group>"; };
		ED53C94F28D2449700001A56 /* NewzModel.xcdatamodel */ = {isa = PBXFileReference; lastKnownFileType = wrapper.xcdatamodel; path = NewzModel.xcdatamodel; sourceTree = "<group>"; };
		ED53C95128D245DE00001A56 /* CoreDateStack.swift */ = {isa = PBXFileReference; lastKnownFileType = sourcecode.swift; path = CoreDateStack.swift; sourceTree = "<group>"; };
		ED53C95428D248A200001A56 /* Article.swift */ = {isa = PBXFileReference; lastKnownFileType = sourcecode.swift; path = Article.swift; sourceTree = "<group>"; };
		ED53C95628D249FF00001A56 /* Article+CoreData.swift */ = {isa = PBXFileReference; lastKnownFileType = sourcecode.swift; path = "Article+CoreData.swift"; sourceTree = "<group>"; };
		ED53C95C28D25E6E00001A56 /* NewzTests.xctest */ = {isa = PBXFileReference; explicitFileType = wrapper.cfbundle; includeInIndex = 0; path = NewzTests.xctest; sourceTree = BUILT_PRODUCTS_DIR; };
		ED53C96628D25EE600001A56 /* CoreDateStackTests.swift */ = {isa = PBXFileReference; lastKnownFileType = sourcecode.swift; path = CoreDateStackTests.swift; sourceTree = "<group>"; };
		ED5DF17928D75F2600ACD07C /* Stub.swift */ = {isa = PBXFileReference; lastKnownFileType = sourcecode.swift; path = Stub.swift; sourceTree = "<group>"; };
		ED5DF17C28D7699E00ACD07C /* articles.json */ = {isa = PBXFileReference; fileEncoding = 4; lastKnownFileType = text.json; path = articles.json; sourceTree = "<group>"; };
		ED5EF2B328D8E87700BB91CE /* ArticlesDbRepoTests.swift */ = {isa = PBXFileReference; lastKnownFileType = sourcecode.swift; path = ArticlesDbRepoTests.swift; sourceTree = "<group>"; };
		ED5EF2B728D8FFDA00BB91CE /* ArticlesApiRepoTests.swift */ = {isa = PBXFileReference; lastKnownFileType = sourcecode.swift; path = ArticlesApiRepoTests.swift; sourceTree = "<group>"; };
		ED5F035628D3928D003FC51F /* ArticlesApiRepo.swift */ = {isa = PBXFileReference; lastKnownFileType = sourcecode.swift; path = ArticlesApiRepo.swift; sourceTree = "<group>"; };
		ED5F035928D394DA003FC51F /* Injectable.swift */ = {isa = PBXFileReference; lastKnownFileType = sourcecode.swift; path = Injectable.swift; sourceTree = "<group>"; };
		ED5F035B28D47DC6003FC51F /* ArticlesDbRepo.swift */ = {isa = PBXFileReference; lastKnownFileType = sourcecode.swift; path = ArticlesDbRepo.swift; sourceTree = "<group>"; };
		ED5F035D28D4A1F5003FC51F /* Injector.swift */ = {isa = PBXFileReference; lastKnownFileType = sourcecode.swift; path = Injector.swift; sourceTree = "<group>"; };
		ED5F036028D513B3003FC51F /* config.plist */ = {isa = PBXFileReference; lastKnownFileType = text.plist.xml; path = config.plist; sourceTree = "<group>"; };
		ED5F036328D53722003FC51F /* ApiCall.swift */ = {isa = PBXFileReference; lastKnownFileType = sourcecode.swift; path = ApiCall.swift; sourceTree = "<group>"; };
		EDDDB7D828D36429009AFBD5 /* TestHelpers.swift */ = {isa = PBXFileReference; lastKnownFileType = sourcecode.swift; path = TestHelpers.swift; sourceTree = "<group>"; };
		EDE989CD28D0C18D00D6CDEF /* Newz.app */ = {isa = PBXFileReference; explicitFileType = wrapper.application; includeInIndex = 0; path = Newz.app; sourceTree = BUILT_PRODUCTS_DIR; };
		EDE989D028D0C18D00D6CDEF /* NewzApp.swift */ = {isa = PBXFileReference; lastKnownFileType = sourcecode.swift; path = NewzApp.swift; sourceTree = "<group>"; };
		EDE989D228D0C18D00D6CDEF /* ContentView.swift */ = {isa = PBXFileReference; lastKnownFileType = sourcecode.swift; path = ContentView.swift; sourceTree = "<group>"; };
		EDE989D428D0C19100D6CDEF /* Assets.xcassets */ = {isa = PBXFileReference; lastKnownFileType = folder.assetcatalog; path = Assets.xcassets; sourceTree = "<group>"; };
		EDE989D728D0C19100D6CDEF /* Preview Assets.xcassets */ = {isa = PBXFileReference; lastKnownFileType = folder.assetcatalog; path = "Preview Assets.xcassets"; sourceTree = "<group>"; };
/* End PBXFileReference section */

/* Begin PBXFrameworksBuildPhase section */
		ED53C95928D25E6E00001A56 /* Frameworks */ = {
			isa = PBXFrameworksBuildPhase;
			buildActionMask = 2147483647;
			files = (
			);
			runOnlyForDeploymentPostprocessing = 0;
		};
		EDE989CA28D0C18D00D6CDEF /* Frameworks */ = {
			isa = PBXFrameworksBuildPhase;
			buildActionMask = 2147483647;
			files = (
			);
			runOnlyForDeploymentPostprocessing = 0;
		};
/* End PBXFrameworksBuildPhase section */

/* Begin PBXGroup section */
		ED29E7E028DB460000F50035 /* Mock */ = {
			isa = PBXGroup;
			children = (
				ED29E7E328DB480000F50035 /* Configuration */,
				ED29E7E428DB51B500F50035 /* CoreDataStackMock.swift */,
			);
			path = Mock;
			sourceTree = "<group>";
		};
		ED29E7E328DB480000F50035 /* Configuration */ = {
			isa = PBXGroup;
			children = (
				ED29E7E128DB460C00F50035 /* Mock.swift */,
			);
			path = Configuration;
			sourceTree = "<group>";
		};
		ED29E7E628DB903300F50035 /* Models */ = {
			isa = PBXGroup;
			children = (
				ED29E7E728DB904800F50035 /* StubTest.swift */,
			);
			path = Models;
			sourceTree = "<group>";
		};
		ED29E7F328DCC54900F50035 /* Injection */ = {
			isa = PBXGroup;
			children = (
				ED29E7F128DCBD8900F50035 /* InjectionTest.swift */,
			);
			path = Injection;
			sourceTree = "<group>";
		};
		ED29E7F428DCEE1B00F50035 /* Views */ = {
			isa = PBXGroup;
			children = (
				ED29E80828DF076C00F50035 /* Home */,
				EDE989D228D0C18D00D6CDEF /* ContentView.swift */,
			);
			path = Views;
			sourceTree = "<group>";
		};
		ED29E7F528DCEE4600F50035 /* Services */ = {
			isa = PBXGroup;
			children = (
				ED29E7F628DCEEC200F50035 /* ArticlesService.swift */,
			);
			path = Services;
			sourceTree = "<group>";
		};
		ED29E7FA28DDEBBD00F50035 /* Utilities */ = {
			isa = PBXGroup;
			children = (
				ED29E80128DE2C1300F50035 /* Extensions */,
				ED29E7FB28DDEBC600F50035 /* Constants.swift */,
				ED29E80D28DF1C4600F50035 /* Loadable.swift */,
			);
			path = Utilities;
			sourceTree = "<group>";
		};
		ED29E80128DE2C1300F50035 /* Extensions */ = {
			isa = PBXGroup;
			children = (
				ED29E80228DE2C1E00F50035 /* Date+Extension.swift */,
			);
			path = Extensions;
			sourceTree = "<group>";
		};
		ED29E80428DE69A000F50035 /* SupportingFiles */ = {
			isa = PBXGroup;
			children = (
				EDE989D428D0C19100D6CDEF /* Assets.xcassets */,
				EDE989D628D0C19100D6CDEF /* Preview Content */,
			);
			path = SupportingFiles;
			sourceTree = "<group>";
		};
		ED29E80828DF076C00F50035 /* Home */ = {
			isa = PBXGroup;
			children = (
				ED29E80928DF077D00F50035 /* HomeView.swift */,
				ED29E80B28DF07C400F50035 /* HomeViewModel.swift */,
			);
			path = Home;
			sourceTree = "<group>";
		};
		ED53C94D28D2447000001A56 /* Configuration */ = {
			isa = PBXGroup;
			children = (
				ED53C94E28D2449700001A56 /* NewzModel.xcdatamodeld */,
				ED53C95128D245DE00001A56 /* CoreDateStack.swift */,
			);
			path = Configuration;
			sourceTree = "<group>";
		};
		ED53C95328D2488A00001A56 /* Models */ = {
			isa = PBXGroup;
			children = (
				ED5DF17B28D7695F00ACD07C /* Stub */,
				ED53C95428D248A200001A56 /* Article.swift */,
				ED53C95628D249FF00001A56 /* Article+CoreData.swift */,
				ED29E7FF28DE1CFD00F50035 /* ArrayResult.swift */,
			);
			path = Models;
			sourceTree = "<group>";
		};
		ED53C95D28D25E6E00001A56 /* NewzTests */ = {
			isa = PBXGroup;
			children = (
				ED29E7F328DCC54900F50035 /* Injection */,
				ED29E7E028DB460000F50035 /* Mock */,
				ED5EF2B028D8E81A00BB91CE /* Repositories */,
				ED29E7E628DB903300F50035 /* Models */,
				EDDDB7D828D36429009AFBD5 /* TestHelpers.swift */,
			);
			path = NewzTests;
			sourceTree = "<group>";
		};
		ED53C96528D25E7800001A56 /* Configuration */ = {
			isa = PBXGroup;
			children = (
				ED53C96628D25EE600001A56 /* CoreDateStackTests.swift */,
			);
			path = Configuration;
			sourceTree = "<group>";
		};
		ED5DF17B28D7695F00ACD07C /* Stub */ = {
			isa = PBXGroup;
			children = (
				ED5DF17C28D7699E00ACD07C /* articles.json */,
				ED5DF17928D75F2600ACD07C /* Stub.swift */,
			);
			path = Stub;
			sourceTree = "<group>";
		};
		ED5EF2B028D8E81A00BB91CE /* Repositories */ = {
			isa = PBXGroup;
			children = (
				ED5EF2B528D8FBA200BB91CE /* API */,
				ED5EF2B128D8E82600BB91CE /* DB */,
			);
			path = Repositories;
			sourceTree = "<group>";
		};
		ED5EF2B128D8E82600BB91CE /* DB */ = {
			isa = PBXGroup;
			children = (
				ED53C96528D25E7800001A56 /* Configuration */,
				ED5EF2B328D8E87700BB91CE /* ArticlesDbRepoTests.swift */,
			);
			path = DB;
			sourceTree = "<group>";
		};
		ED5EF2B528D8FBA200BB91CE /* API */ = {
			isa = PBXGroup;
			children = (
				ED5EF2B628D8FBA700BB91CE /* Configuration */,
				ED5EF2B728D8FFDA00BB91CE /* ArticlesApiRepoTests.swift */,
			);
			path = API;
			sourceTree = "<group>";
		};
		ED5EF2B628D8FBA700BB91CE /* Configuration */ = {
			isa = PBXGroup;
			children = (
				ED29E7EB28DBA97D00F50035 /* MockAPI.swift */,
				ED29E7EF28DC7A7C00F50035 /* ApiRepositoryTest.swift */,
			);
			path = Configuration;
			sourceTree = "<group>";
		};
		ED5F035428D39217003FC51F /* DB */ = {
			isa = PBXGroup;
			children = (
				ED53C94D28D2447000001A56 /* Configuration */,
				ED5F035B28D47DC6003FC51F /* ArticlesDbRepo.swift */,
			);
			path = DB;
			sourceTree = "<group>";
		};
		ED5F035528D39220003FC51F /* API */ = {
			isa = PBXGroup;
			children = (
				ED5F036228D536FD003FC51F /* Configuration */,
				ED5F035628D3928D003FC51F /* ArticlesApiRepo.swift */,
			);
			path = API;
			sourceTree = "<group>";
		};
		ED5F035828D394C4003FC51F /* Injection */ = {
			isa = PBXGroup;
			children = (
				ED5F035928D394DA003FC51F /* Injectable.swift */,
				ED5F035D28D4A1F5003FC51F /* Injector.swift */,
				ED29E7F828DD033200F50035 /* DIContainer.swift */,
			);
			path = Injection;
			sourceTree = "<group>";
		};
		ED5F036228D536FD003FC51F /* Configuration */ = {
			isa = PBXGroup;
			children = (
				ED5F036328D53722003FC51F /* ApiCall.swift */,
				ED29E7E928DB977600F50035 /* ApiRepository.swift */,
				ED29E7FD28DE1B5900F50035 /* Authentication.swift */,
			);
			path = Configuration;
			sourceTree = "<group>";
		};
		EDDDB7DA28D36812009AFBD5 /* Repositories */ = {
			isa = PBXGroup;
			children = (
				ED5F035528D39220003FC51F /* API */,
				ED5F035428D39217003FC51F /* DB */,
			);
			path = Repositories;
			sourceTree = "<group>";
		};
		EDE989C428D0C18D00D6CDEF = {
			isa = PBXGroup;
			children = (
				ED5F036028D513B3003FC51F /* config.plist */,
				EDE989CF28D0C18D00D6CDEF /* Newz */,
				ED53C95D28D25E6E00001A56 /* NewzTests */,
				EDE989CE28D0C18D00D6CDEF /* Products */,
			);
			sourceTree = "<group>";
		};
		EDE989CE28D0C18D00D6CDEF /* Products */ = {
			isa = PBXGroup;
			children = (
				EDE989CD28D0C18D00D6CDEF /* Newz.app */,
				ED53C95C28D25E6E00001A56 /* NewzTests.xctest */,
			);
			name = Products;
			sourceTree = "<group>";
		};
		EDE989CF28D0C18D00D6CDEF /* Newz */ = {
			isa = PBXGroup;
			children = (
				ED29E80728DE6A9B00F50035 /* Info.plist */,
				ED29E7FA28DDEBBD00F50035 /* Utilities */,
				EDE989DE28D0C23400D6CDEF /* System */,
				ED5F035828D394C4003FC51F /* Injection */,
				ED53C95328D2488A00001A56 /* Models */,
				EDDDB7DA28D36812009AFBD5 /* Repositories */,
				ED29E7F528DCEE4600F50035 /* Services */,
				ED29E7F428DCEE1B00F50035 /* Views */,
				ED29E80428DE69A000F50035 /* SupportingFiles */,
			);
			path = Newz;
			sourceTree = "<group>";
		};
		EDE989D628D0C19100D6CDEF /* Preview Content */ = {
			isa = PBXGroup;
			children = (
				EDE989D728D0C19100D6CDEF /* Preview Assets.xcassets */,
			);
			path = "Preview Content";
			sourceTree = "<group>";
		};
		EDE989DE28D0C23400D6CDEF /* System */ = {
			isa = PBXGroup;
			children = (
				EDE989D028D0C18D00D6CDEF /* NewzApp.swift */,
			);
			path = System;
			sourceTree = "<group>";
		};
/* End PBXGroup section */

/* Begin PBXNativeTarget section */
		ED53C95B28D25E6E00001A56 /* NewzTests */ = {
			isa = PBXNativeTarget;
			buildConfigurationList = ED53C96228D25E6E00001A56 /* Build configuration list for PBXNativeTarget "NewzTests" */;
			buildPhases = (
				ED53C95828D25E6E00001A56 /* Sources */,
				ED53C95928D25E6E00001A56 /* Frameworks */,
				ED53C95A28D25E6E00001A56 /* Resources */,
			);
			buildRules = (
			);
			dependencies = (
				ED53C96128D25E6E00001A56 /* PBXTargetDependency */,
			);
			name = NewzTests;
			productName = NewzTests;
			productReference = ED53C95C28D25E6E00001A56 /* NewzTests.xctest */;
			productType = "com.apple.product-type.bundle.unit-test";
		};
		EDE989CC28D0C18D00D6CDEF /* Newz */ = {
			isa = PBXNativeTarget;
			buildConfigurationList = EDE989DB28D0C19100D6CDEF /* Build configuration list for PBXNativeTarget "Newz" */;
			buildPhases = (
				ED53C96828D27D4000001A56 /* Run SwiftLint */,
				EDE989C928D0C18D00D6CDEF /* Sources */,
				EDE989CA28D0C18D00D6CDEF /* Frameworks */,
				EDE989CB28D0C18D00D6CDEF /* Resources */,
			);
			buildRules = (
			);
			dependencies = (
			);
			name = Newz;
			productName = Newz;
			productReference = EDE989CD28D0C18D00D6CDEF /* Newz.app */;
			productType = "com.apple.product-type.application";
		};
/* End PBXNativeTarget section */

/* Begin PBXProject section */
		EDE989C528D0C18D00D6CDEF /* Project object */ = {
			isa = PBXProject;
			attributes = {
				BuildIndependentTargetsInParallel = 1;
				LastSwiftUpdateCheck = 1400;
				LastUpgradeCheck = 1340;
				TargetAttributes = {
					ED53C95B28D25E6E00001A56 = {
						CreatedOnToolsVersion = 14.0;
						TestTargetID = EDE989CC28D0C18D00D6CDEF;
					};
					EDE989CC28D0C18D00D6CDEF = {
						CreatedOnToolsVersion = 13.4.1;
					};
				};
			};
			buildConfigurationList = EDE989C828D0C18D00D6CDEF /* Build configuration list for PBXProject "Newz" */;
			compatibilityVersion = "Xcode 13.0";
			developmentRegion = en;
			hasScannedForEncodings = 0;
			knownRegions = (
				en,
				Base,
			);
			mainGroup = EDE989C428D0C18D00D6CDEF;
			productRefGroup = EDE989CE28D0C18D00D6CDEF /* Products */;
			projectDirPath = "";
			projectRoot = "";
			targets = (
				EDE989CC28D0C18D00D6CDEF /* Newz */,
				ED53C95B28D25E6E00001A56 /* NewzTests */,
			);
		};
/* End PBXProject section */

/* Begin PBXResourcesBuildPhase section */
		ED53C95A28D25E6E00001A56 /* Resources */ = {
			isa = PBXResourcesBuildPhase;
			buildActionMask = 2147483647;
			files = (
			);
			runOnlyForDeploymentPostprocessing = 0;
		};
		EDE989CB28D0C18D00D6CDEF /* Resources */ = {
			isa = PBXResourcesBuildPhase;
			buildActionMask = 2147483647;
			files = (
				ED5DF17D28D7699E00ACD07C /* articles.json in Resources */,
				EDE989D828D0C19100D6CDEF /* Preview Assets.xcassets in Resources */,
				EDE989D528D0C19100D6CDEF /* Assets.xcassets in Resources */,
				ED5F036128D513B3003FC51F /* config.plist in Resources */,
			);
			runOnlyForDeploymentPostprocessing = 0;
		};
/* End PBXResourcesBuildPhase section */

/* Begin PBXShellScriptBuildPhase section */
		ED53C96828D27D4000001A56 /* Run SwiftLint */ = {
			isa = PBXShellScriptBuildPhase;
			alwaysOutOfDate = 1;
			buildActionMask = 2147483647;
			files = (
			);
			inputFileListPaths = (
			);
			inputPaths = (
			);
			name = "Run SwiftLint";
			outputFileListPaths = (
			);
			outputPaths = (
			);
			runOnlyForDeploymentPostprocessing = 0;
			shellPath = /bin/sh;
			shellScript = "export PATH=\"$PATH:/opt/homebrew/bin\"\nif which swiftlint > /dev/null; then\n  swiftlint --fix\nelse\n  echo \"warning: SwiftLint not installed, download from https://github.com/realm/SwiftLint\"\nfi\n";
		};
/* End PBXShellScriptBuildPhase section */

/* Begin PBXSourcesBuildPhase section */
		ED53C95828D25E6E00001A56 /* Sources */ = {
			isa = PBXSourcesBuildPhase;
			buildActionMask = 2147483647;
			files = (
				ED53C96728D25EE600001A56 /* CoreDateStackTests.swift in Sources */,
				ED29E7E228DB460C00F50035 /* Mock.swift in Sources */,
				ED5EF2B428D8E87700BB91CE /* ArticlesDbRepoTests.swift in Sources */,
				ED29E7E528DB51B500F50035 /* CoreDataStackMock.swift in Sources */,
				ED29E7F028DC7A7C00F50035 /* ApiRepositoryTest.swift in Sources */,
				ED29E7F228DCBD8900F50035 /* InjectionTest.swift in Sources */,
				EDDDB7D928D36429009AFBD5 /* TestHelpers.swift in Sources */,
				ED29E7E828DB904800F50035 /* StubTest.swift in Sources */,
				ED29E81028DF354100F50035 /* MockAPI.swift in Sources */,
				ED5EF2B828D8FFDA00BB91CE /* ArticlesApiRepoTests.swift in Sources */,
			);
			runOnlyForDeploymentPostprocessing = 0;
		};
		EDE989C928D0C18D00D6CDEF /* Sources */ = {
			isa = PBXSourcesBuildPhase;
			buildActionMask = 2147483647;
			files = (
				ED29E80C28DF07C400F50035 /* HomeViewModel.swift in Sources */,
				ED5F036428D53722003FC51F /* ApiCall.swift in Sources */,
				ED5F035728D3928D003FC51F /* ArticlesApiRepo.swift in Sources */,
				EDE989D328D0C18D00D6CDEF /* ContentView.swift in Sources */,
				EDE989D128D0C18D00D6CDEF /* NewzApp.swift in Sources */,
				ED29E80028DE1CFD00F50035 /* ArrayResult.swift in Sources */,
				ED53C95028D2449700001A56 /* NewzModel.xcdatamodeld in Sources */,
				ED53C95228D245DE00001A56 /* CoreDateStack.swift in Sources */,
				ED5F035E28D4A1F5003FC51F /* Injector.swift in Sources */,
				ED29E7FC28DDEBC600F50035 /* Constants.swift in Sources */,
				ED29E7FE28DE1B5900F50035 /* Authentication.swift in Sources */,
				ED29E7F928DD033200F50035 /* DIContainer.swift in Sources */,
				ED29E7EA28DB977600F50035 /* ApiRepository.swift in Sources */,
				ED29E7F728DCEEC200F50035 /* ArticlesService.swift in Sources */,
				ED29E80A28DF077D00F50035 /* HomeView.swift in Sources */,
				ED5DF17A28D75F2600ACD07C /* Stub.swift in Sources */,
				ED5F035C28D47DC6003FC51F /* ArticlesDbRepo.swift in Sources */,
				ED53C95528D248A200001A56 /* Article.swift in Sources */,
				ED53C95728D249FF00001A56 /* Article+CoreData.swift in Sources */,
				ED29E80E28DF1C4600F50035 /* Loadable.swift in Sources */,
				ED29E80328DE2C1E00F50035 /* Date+Extension.swift in Sources */,
				ED5F035A28D394DA003FC51F /* Injectable.swift in Sources */,
			);
			runOnlyForDeploymentPostprocessing = 0;
		};
/* End PBXSourcesBuildPhase section */

/* Begin PBXTargetDependency section */
		ED53C96128D25E6E00001A56 /* PBXTargetDependency */ = {
			isa = PBXTargetDependency;
			target = EDE989CC28D0C18D00D6CDEF /* Newz */;
			targetProxy = ED53C96028D25E6E00001A56 /* PBXContainerItemProxy */;
		};
/* End PBXTargetDependency section */

/* Begin XCBuildConfiguration section */
		ED53C96328D25E6E00001A56 /* Debug */ = {
			isa = XCBuildConfiguration;
			buildSettings = {
				BUNDLE_LOADER = "$(TEST_HOST)";
				CLANG_CXX_LANGUAGE_STANDARD = "gnu++20";
				CODE_SIGN_STYLE = Automatic;
				CURRENT_PROJECT_VERSION = 1;
				GENERATE_INFOPLIST_FILE = YES;
				IPHONEOS_DEPLOYMENT_TARGET = 16.0;
				MARKETING_VERSION = 1.0;
				PRODUCT_BUNDLE_IDENTIFIER = io.mowi.news.NewzTests;
				PRODUCT_NAME = "$(TARGET_NAME)";
				SWIFT_EMIT_LOC_STRINGS = NO;
				SWIFT_VERSION = 5.0;
				TARGETED_DEVICE_FAMILY = "1,2";
				TEST_HOST = "$(BUILT_PRODUCTS_DIR)/Newz.app/$(BUNDLE_EXECUTABLE_FOLDER_PATH)/Newz";
			};
			name = Debug;
		};
		ED53C96428D25E6E00001A56 /* Release */ = {
			isa = XCBuildConfiguration;
			buildSettings = {
				BUNDLE_LOADER = "$(TEST_HOST)";
				CLANG_CXX_LANGUAGE_STANDARD = "gnu++20";
				CODE_SIGN_STYLE = Automatic;
				CURRENT_PROJECT_VERSION = 1;
				GENERATE_INFOPLIST_FILE = YES;
				IPHONEOS_DEPLOYMENT_TARGET = 16.0;
				MARKETING_VERSION = 1.0;
				PRODUCT_BUNDLE_IDENTIFIER = io.mowi.news.NewzTests;
				PRODUCT_NAME = "$(TARGET_NAME)";
				SWIFT_EMIT_LOC_STRINGS = NO;
				SWIFT_VERSION = 5.0;
				TARGETED_DEVICE_FAMILY = "1,2";
				TEST_HOST = "$(BUILT_PRODUCTS_DIR)/Newz.app/$(BUNDLE_EXECUTABLE_FOLDER_PATH)/Newz";
			};
			name = Release;
		};
		EDE989D928D0C19100D6CDEF /* Debug */ = {
			isa = XCBuildConfiguration;
			buildSettings = {
				ALWAYS_SEARCH_USER_PATHS = NO;
				CLANG_ANALYZER_NONNULL = YES;
				CLANG_ANALYZER_NUMBER_OBJECT_CONVERSION = YES_AGGRESSIVE;
				CLANG_CXX_LANGUAGE_STANDARD = "gnu++17";
				CLANG_ENABLE_MODULES = YES;
				CLANG_ENABLE_OBJC_ARC = YES;
				CLANG_ENABLE_OBJC_WEAK = YES;
				CLANG_WARN_BLOCK_CAPTURE_AUTORELEASING = YES;
				CLANG_WARN_BOOL_CONVERSION = YES;
				CLANG_WARN_COMMA = YES;
				CLANG_WARN_CONSTANT_CONVERSION = YES;
				CLANG_WARN_DEPRECATED_OBJC_IMPLEMENTATIONS = YES;
				CLANG_WARN_DIRECT_OBJC_ISA_USAGE = YES_ERROR;
				CLANG_WARN_DOCUMENTATION_COMMENTS = YES;
				CLANG_WARN_EMPTY_BODY = YES;
				CLANG_WARN_ENUM_CONVERSION = YES;
				CLANG_WARN_INFINITE_RECURSION = YES;
				CLANG_WARN_INT_CONVERSION = YES;
				CLANG_WARN_NON_LITERAL_NULL_CONVERSION = YES;
				CLANG_WARN_OBJC_IMPLICIT_RETAIN_SELF = YES;
				CLANG_WARN_OBJC_LITERAL_CONVERSION = YES;
				CLANG_WARN_OBJC_ROOT_CLASS = YES_ERROR;
				CLANG_WARN_QUOTED_INCLUDE_IN_FRAMEWORK_HEADER = YES;
				CLANG_WARN_RANGE_LOOP_ANALYSIS = YES;
				CLANG_WARN_STRICT_PROTOTYPES = YES;
				CLANG_WARN_SUSPICIOUS_MOVE = YES;
				CLANG_WARN_UNGUARDED_AVAILABILITY = YES_AGGRESSIVE;
				CLANG_WARN_UNREACHABLE_CODE = YES;
				CLANG_WARN__DUPLICATE_METHOD_MATCH = YES;
				COPY_PHASE_STRIP = NO;
				DEBUG_INFORMATION_FORMAT = dwarf;
				ENABLE_STRICT_OBJC_MSGSEND = YES;
				ENABLE_TESTABILITY = YES;
				GCC_C_LANGUAGE_STANDARD = gnu11;
				GCC_DYNAMIC_NO_PIC = NO;
				GCC_NO_COMMON_BLOCKS = YES;
				GCC_OPTIMIZATION_LEVEL = 0;
				GCC_PREPROCESSOR_DEFINITIONS = (
					"DEBUG=1",
					"$(inherited)",
				);
				GCC_WARN_64_TO_32_BIT_CONVERSION = YES;
				GCC_WARN_ABOUT_RETURN_TYPE = YES_ERROR;
				GCC_WARN_UNDECLARED_SELECTOR = YES;
				GCC_WARN_UNINITIALIZED_AUTOS = YES_AGGRESSIVE;
				GCC_WARN_UNUSED_FUNCTION = YES;
				GCC_WARN_UNUSED_VARIABLE = YES;
				IPHONEOS_DEPLOYMENT_TARGET = 15.5;
				MTL_ENABLE_DEBUG_INFO = INCLUDE_SOURCE;
				MTL_FAST_MATH = YES;
				ONLY_ACTIVE_ARCH = YES;
				SDKROOT = iphoneos;
				SWIFT_ACTIVE_COMPILATION_CONDITIONS = DEBUG;
				SWIFT_OPTIMIZATION_LEVEL = "-Onone";
			};
			name = Debug;
		};
		EDE989DA28D0C19100D6CDEF /* Release */ = {
			isa = XCBuildConfiguration;
			buildSettings = {
				ALWAYS_SEARCH_USER_PATHS = NO;
				CLANG_ANALYZER_NONNULL = YES;
				CLANG_ANALYZER_NUMBER_OBJECT_CONVERSION = YES_AGGRESSIVE;
				CLANG_CXX_LANGUAGE_STANDARD = "gnu++17";
				CLANG_ENABLE_MODULES = YES;
				CLANG_ENABLE_OBJC_ARC = YES;
				CLANG_ENABLE_OBJC_WEAK = YES;
				CLANG_WARN_BLOCK_CAPTURE_AUTORELEASING = YES;
				CLANG_WARN_BOOL_CONVERSION = YES;
				CLANG_WARN_COMMA = YES;
				CLANG_WARN_CONSTANT_CONVERSION = YES;
				CLANG_WARN_DEPRECATED_OBJC_IMPLEMENTATIONS = YES;
				CLANG_WARN_DIRECT_OBJC_ISA_USAGE = YES_ERROR;
				CLANG_WARN_DOCUMENTATION_COMMENTS = YES;
				CLANG_WARN_EMPTY_BODY = YES;
				CLANG_WARN_ENUM_CONVERSION = YES;
				CLANG_WARN_INFINITE_RECURSION = YES;
				CLANG_WARN_INT_CONVERSION = YES;
				CLANG_WARN_NON_LITERAL_NULL_CONVERSION = YES;
				CLANG_WARN_OBJC_IMPLICIT_RETAIN_SELF = YES;
				CLANG_WARN_OBJC_LITERAL_CONVERSION = YES;
				CLANG_WARN_OBJC_ROOT_CLASS = YES_ERROR;
				CLANG_WARN_QUOTED_INCLUDE_IN_FRAMEWORK_HEADER = YES;
				CLANG_WARN_RANGE_LOOP_ANALYSIS = YES;
				CLANG_WARN_STRICT_PROTOTYPES = YES;
				CLANG_WARN_SUSPICIOUS_MOVE = YES;
				CLANG_WARN_UNGUARDED_AVAILABILITY = YES_AGGRESSIVE;
				CLANG_WARN_UNREACHABLE_CODE = YES;
				CLANG_WARN__DUPLICATE_METHOD_MATCH = YES;
				COPY_PHASE_STRIP = NO;
				DEBUG_INFORMATION_FORMAT = "dwarf-with-dsym";
				ENABLE_NS_ASSERTIONS = NO;
				ENABLE_STRICT_OBJC_MSGSEND = YES;
				GCC_C_LANGUAGE_STANDARD = gnu11;
				GCC_NO_COMMON_BLOCKS = YES;
				GCC_WARN_64_TO_32_BIT_CONVERSION = YES;
				GCC_WARN_ABOUT_RETURN_TYPE = YES_ERROR;
				GCC_WARN_UNDECLARED_SELECTOR = YES;
				GCC_WARN_UNINITIALIZED_AUTOS = YES_AGGRESSIVE;
				GCC_WARN_UNUSED_FUNCTION = YES;
				GCC_WARN_UNUSED_VARIABLE = YES;
				IPHONEOS_DEPLOYMENT_TARGET = 15.5;
				MTL_ENABLE_DEBUG_INFO = NO;
				MTL_FAST_MATH = YES;
				SDKROOT = iphoneos;
				SWIFT_COMPILATION_MODE = wholemodule;
				SWIFT_OPTIMIZATION_LEVEL = "-O";
				VALIDATE_PRODUCT = YES;
			};
			name = Release;
		};
		EDE989DC28D0C19100D6CDEF /* Debug */ = {
			isa = XCBuildConfiguration;
			buildSettings = {
				ASSETCATALOG_COMPILER_APPICON_NAME = AppIcon;
				ASSETCATALOG_COMPILER_GLOBAL_ACCENT_COLOR_NAME = AccentColor;
				CODE_SIGN_STYLE = Automatic;
				CURRENT_PROJECT_VERSION = 1;
				DEVELOPMENT_ASSET_PATHS = "\"Newz/SupportingFiles/Preview Content\"";
				DEVELOPMENT_TEAM = UZJUVD46BF;
				ENABLE_PREVIEWS = YES;
				GENERATE_INFOPLIST_FILE = YES;
				INFOPLIST_FILE = Newz/Info.plist;
				INFOPLIST_KEY_UIApplicationSceneManifest_Generation = YES;
				INFOPLIST_KEY_UIApplicationSupportsIndirectInputEvents = YES;
				INFOPLIST_KEY_UILaunchScreen_Generation = YES;
				INFOPLIST_KEY_UISupportedInterfaceOrientations_iPad = "UIInterfaceOrientationPortrait UIInterfaceOrientationPortraitUpsideDown UIInterfaceOrientationLandscapeLeft UIInterfaceOrientationLandscapeRight";
				INFOPLIST_KEY_UISupportedInterfaceOrientations_iPhone = "UIInterfaceOrientationPortrait UIInterfaceOrientationLandscapeLeft UIInterfaceOrientationLandscapeRight";
				IPHONEOS_DEPLOYMENT_TARGET = 14.0;
				LD_RUNPATH_SEARCH_PATHS = (
					"$(inherited)",
					"@executable_path/Frameworks",
				);
				MARKETING_VERSION = 1.0;
				PRODUCT_BUNDLE_IDENTIFIER = io.mowi.newz.Newz;
				PRODUCT_NAME = "$(TARGET_NAME)";
				SWIFT_EMIT_LOC_STRINGS = YES;
				SWIFT_VERSION = 5.0;
				TARGETED_DEVICE_FAMILY = "1,2";
			};
			name = Debug;
		};
		EDE989DD28D0C19100D6CDEF /* Release */ = {
			isa = XCBuildConfiguration;
			buildSettings = {
				ASSETCATALOG_COMPILER_APPICON_NAME = AppIcon;
				ASSETCATALOG_COMPILER_GLOBAL_ACCENT_COLOR_NAME = AccentColor;
				CODE_SIGN_STYLE = Automatic;
				CURRENT_PROJECT_VERSION = 1;
				DEVELOPMENT_ASSET_PATHS = "\"Newz/SupportingFiles/Preview Content\"";
				DEVELOPMENT_TEAM = UZJUVD46BF;
				ENABLE_PREVIEWS = YES;
				GENERATE_INFOPLIST_FILE = YES;
				INFOPLIST_FILE = Newz/Info.plist;
				INFOPLIST_KEY_UIApplicationSceneManifest_Generation = YES;
				INFOPLIST_KEY_UIApplicationSupportsIndirectInputEvents = YES;
				INFOPLIST_KEY_UILaunchScreen_Generation = YES;
				INFOPLIST_KEY_UISupportedInterfaceOrientations_iPad = "UIInterfaceOrientationPortrait UIInterfaceOrientationPortraitUpsideDown UIInterfaceOrientationLandscapeLeft UIInterfaceOrientationLandscapeRight";
				INFOPLIST_KEY_UISupportedInterfaceOrientations_iPhone = "UIInterfaceOrientationPortrait UIInterfaceOrientationLandscapeLeft UIInterfaceOrientationLandscapeRight";
				IPHONEOS_DEPLOYMENT_TARGET = 14.0;
				LD_RUNPATH_SEARCH_PATHS = (
					"$(inherited)",
					"@executable_path/Frameworks",
				);
				MARKETING_VERSION = 1.0;
				PRODUCT_BUNDLE_IDENTIFIER = io.mowi.newz.Newz;
				PRODUCT_NAME = "$(TARGET_NAME)";
				SWIFT_EMIT_LOC_STRINGS = YES;
				SWIFT_VERSION = 5.0;
				TARGETED_DEVICE_FAMILY = "1,2";
			};
			name = Release;
		};
/* End XCBuildConfiguration section */

/* Begin XCConfigurationList section */
		ED53C96228D25E6E00001A56 /* Build configuration list for PBXNativeTarget "NewzTests" */ = {
			isa = XCConfigurationList;
			buildConfigurations = (
				ED53C96328D25E6E00001A56 /* Debug */,
				ED53C96428D25E6E00001A56 /* Release */,
			);
			defaultConfigurationIsVisible = 0;
			defaultConfigurationName = Release;
		};
		EDE989C828D0C18D00D6CDEF /* Build configuration list for PBXProject "Newz" */ = {
			isa = XCConfigurationList;
			buildConfigurations = (
				EDE989D928D0C19100D6CDEF /* Debug */,
				EDE989DA28D0C19100D6CDEF /* Release */,
			);
			defaultConfigurationIsVisible = 0;
			defaultConfigurationName = Release;
		};
		EDE989DB28D0C19100D6CDEF /* Build configuration list for PBXNativeTarget "Newz" */ = {
			isa = XCConfigurationList;
			buildConfigurations = (
				EDE989DC28D0C19100D6CDEF /* Debug */,
				EDE989DD28D0C19100D6CDEF /* Release */,
			);
			defaultConfigurationIsVisible = 0;
			defaultConfigurationName = Release;
		};
/* End XCConfigurationList section */

/* Begin XCVersionGroup section */
		ED53C94E28D2449700001A56 /* NewzModel.xcdatamodeld */ = {
			isa = XCVersionGroup;
			children = (
				ED53C94F28D2449700001A56 /* NewzModel.xcdatamodel */,
			);
			currentVersion = ED53C94F28D2449700001A56 /* NewzModel.xcdatamodel */;
			path = NewzModel.xcdatamodeld;
			sourceTree = "<group>";
			versionGroupType = wrapper.xcdatamodel;
		};
/* End XCVersionGroup section */
	};
	rootObject = EDE989C528D0C18D00D6CDEF /* Project object */;
}
