// !$*UTF8*$!
{
	archiveVersion = 1;
	classes = {
	};
	objectVersion = 55;
	objects = {

/* Begin PBXBuildFile section */
		ED53C95028D2449700001A56 /* NewzModel.xcdatamodeld in Sources */ = {isa = PBXBuildFile; fileRef = ED53C94E28D2449700001A56 /* NewzModel.xcdatamodeld */; };
		ED53C95228D245DE00001A56 /* CoreDateStack.swift in Sources */ = {isa = PBXBuildFile; fileRef = ED53C95128D245DE00001A56 /* CoreDateStack.swift */; };
		ED53C95528D248A200001A56 /* Article.swift in Sources */ = {isa = PBXBuildFile; fileRef = ED53C95428D248A200001A56 /* Article.swift */; };
		ED53C95728D249FF00001A56 /* Article+CoreData.swift in Sources */ = {isa = PBXBuildFile; fileRef = ED53C95628D249FF00001A56 /* Article+CoreData.swift */; };
		ED53C96728D25EE600001A56 /* CoreDateStack.swift in Sources */ = {isa = PBXBuildFile; fileRef = ED53C96628D25EE600001A56 /* CoreDateStack.swift */; };
		EDDDB7D928D36429009AFBD5 /* TestHelpers.swift in Sources */ = {isa = PBXBuildFile; fileRef = EDDDB7D828D36429009AFBD5 /* TestHelpers.swift */; };
		EDE989D128D0C18D00D6CDEF /* NewzApp.swift in Sources */ = {isa = PBXBuildFile; fileRef = EDE989D028D0C18D00D6CDEF /* NewzApp.swift */; };
		EDE989D328D0C18D00D6CDEF /* ContentView.swift in Sources */ = {isa = PBXBuildFile; fileRef = EDE989D228D0C18D00D6CDEF /* ContentView.swift */; };
		EDE989D528D0C19100D6CDEF /* Assets.xcassets in Resources */ = {isa = PBXBuildFile; fileRef = EDE989D428D0C19100D6CDEF /* Assets.xcassets */; };
		EDE989D828D0C19100D6CDEF /* Preview Assets.xcassets in Resources */ = {isa = PBXBuildFile; fileRef = EDE989D728D0C19100D6CDEF /* Preview Assets.xcassets */; };
/* End PBXBuildFile section */

/* Begin PBXContainerItemProxy section */
		ED53C96028D25E6E00001A56 /* PBXContainerItemProxy */ = {
			isa = PBXContainerItemProxy;
			containerPortal = EDE989C528D0C18D00D6CDEF /* Project object */;
			proxyType = 1;
			remoteGlobalIDString = EDE989CC28D0C18D00D6CDEF;
			remoteInfo = Newz;
		};
/* End PBXContainerItemProxy section */

/* Begin PBXFileReference section */
		ED53C94F28D2449700001A56 /* NewzModel.xcdatamodel */ = {isa = PBXFileReference; lastKnownFileType = wrapper.xcdatamodel; path = NewzModel.xcdatamodel; sourceTree = "<group>"; };
		ED53C95128D245DE00001A56 /* CoreDateStack.swift */ = {isa = PBXFileReference; lastKnownFileType = sourcecode.swift; path = CoreDateStack.swift; sourceTree = "<group>"; };
		ED53C95428D248A200001A56 /* Article.swift */ = {isa = PBXFileReference; lastKnownFileType = sourcecode.swift; path = Article.swift; sourceTree = "<group>"; };
		ED53C95628D249FF00001A56 /* Article+CoreData.swift */ = {isa = PBXFileReference; lastKnownFileType = sourcecode.swift; path = "Article+CoreData.swift"; sourceTree = "<group>"; };
		ED53C95C28D25E6E00001A56 /* NewzTests.xctest */ = {isa = PBXFileReference; explicitFileType = wrapper.cfbundle; includeInIndex = 0; path = NewzTests.xctest; sourceTree = BUILT_PRODUCTS_DIR; };
		ED53C96628D25EE600001A56 /* CoreDateStack.swift */ = {isa = PBXFileReference; lastKnownFileType = sourcecode.swift; path = CoreDateStack.swift; sourceTree = "<group>"; };
		EDDDB7D828D36429009AFBD5 /* TestHelpers.swift */ = {isa = PBXFileReference; lastKnownFileType = sourcecode.swift; path = TestHelpers.swift; sourceTree = "<group>"; };
		EDE989CD28D0C18D00D6CDEF /* Newz.app */ = {isa = PBXFileReference; explicitFileType = wrapper.application; includeInIndex = 0; path = Newz.app; sourceTree = BUILT_PRODUCTS_DIR; };
		EDE989D028D0C18D00D6CDEF /* NewzApp.swift */ = {isa = PBXFileReference; lastKnownFileType = sourcecode.swift; path = NewzApp.swift; sourceTree = "<group>"; };
		EDE989D228D0C18D00D6CDEF /* ContentView.swift */ = {isa = PBXFileReference; lastKnownFileType = sourcecode.swift; path = ContentView.swift; sourceTree = "<group>"; };
		EDE989D428D0C19100D6CDEF /* Assets.xcassets */ = {isa = PBXFileReference; lastKnownFileType = folder.assetcatalog; path = Assets.xcassets; sourceTree = "<group>"; };
		EDE989D728D0C19100D6CDEF /* Preview Assets.xcassets */ = {isa = PBXFileReference; lastKnownFileType = folder.assetcatalog; path = "Preview Assets.xcassets"; sourceTree = "<group>"; };
/* End PBXFileReference section */

/* Begin PBXFrameworksBuildPhase section */
		ED53C95928D25E6E00001A56 /* Frameworks */ = {
			isa = PBXFrameworksBuildPhase;
			buildActionMask = 2147483647;
			files = (
			);
			runOnlyForDeploymentPostprocessing = 0;
		};
		EDE989CA28D0C18D00D6CDEF /* Frameworks */ = {
			isa = PBXFrameworksBuildPhase;
			buildActionMask = 2147483647;
			files = (
			);
			runOnlyForDeploymentPostprocessing = 0;
		};
/* End PBXFrameworksBuildPhase section */

/* Begin PBXGroup section */
		ED53C94D28D2447000001A56 /* Persistence */ = {
			isa = PBXGroup;
			children = (
				ED53C94E28D2449700001A56 /* NewzModel.xcdatamodeld */,
				ED53C95128D245DE00001A56 /* CoreDateStack.swift */,
			);
			path = Persistence;
			sourceTree = "<group>";
		};
		ED53C95328D2488A00001A56 /* Models */ = {
			isa = PBXGroup;
			children = (
				ED53C95428D248A200001A56 /* Article.swift */,
				ED53C95628D249FF00001A56 /* Article+CoreData.swift */,
			);
			path = Models;
			sourceTree = "<group>";
		};
		ED53C95D28D25E6E00001A56 /* NewzTests */ = {
			isa = PBXGroup;
			children = (
				ED53C96528D25E7800001A56 /* Persistence */,
				EDDDB7D828D36429009AFBD5 /* TestHelpers.swift */,
			);
			path = NewzTests;
			sourceTree = "<group>";
		};
		ED53C96528D25E7800001A56 /* Persistence */ = {
			isa = PBXGroup;
			children = (
				ED53C96628D25EE600001A56 /* CoreDateStack.swift */,
			);
			path = Persistence;
			sourceTree = "<group>";
		};
		EDDDB7DA28D36812009AFBD5 /* Repositories */ = {
			isa = PBXGroup;
			children = (
			);
			path = Repositories;
			sourceTree = "<group>";
		};
		EDE989C428D0C18D00D6CDEF = {
			isa = PBXGroup;
			children = (
				EDE989CF28D0C18D00D6CDEF /* Newz */,
				ED53C95D28D25E6E00001A56 /* NewzTests */,
				EDE989CE28D0C18D00D6CDEF /* Products */,
			);
			sourceTree = "<group>";
		};
		EDE989CE28D0C18D00D6CDEF /* Products */ = {
			isa = PBXGroup;
			children = (
				EDE989CD28D0C18D00D6CDEF /* Newz.app */,
				ED53C95C28D25E6E00001A56 /* NewzTests.xctest */,
			);
			name = Products;
			sourceTree = "<group>";
		};
		EDE989CF28D0C18D00D6CDEF /* Newz */ = {
			isa = PBXGroup;
			children = (
				ED53C94D28D2447000001A56 /* Persistence */,
				EDDDB7DA28D36812009AFBD5 /* Repositories */,
				ED53C95328D2488A00001A56 /* Models */,
				EDE989DE28D0C23400D6CDEF /* System */,
				EDE989D228D0C18D00D6CDEF /* ContentView.swift */,
				EDE989D428D0C19100D6CDEF /* Assets.xcassets */,
				EDE989D628D0C19100D6CDEF /* Preview Content */,
			);
			path = Newz;
			sourceTree = "<group>";
		};
		EDE989D628D0C19100D6CDEF /* Preview Content */ = {
			isa = PBXGroup;
			children = (
				EDE989D728D0C19100D6CDEF /* Preview Assets.xcassets */,
			);
			path = "Preview Content";
			sourceTree = "<group>";
		};
		EDE989DE28D0C23400D6CDEF /* System */ = {
			isa = PBXGroup;
			children = (
				EDE989D028D0C18D00D6CDEF /* NewzApp.swift */,
			);
			path = System;
			sourceTree = "<group>";
		};
/* End PBXGroup section */

/* Begin PBXNativeTarget section */
		ED53C95B28D25E6E00001A56 /* NewzTests */ = {
			isa = PBXNativeTarget;
			buildConfigurationList = ED53C96228D25E6E00001A56 /* Build configuration list for PBXNativeTarget "NewzTests" */;
			buildPhases = (
				ED53C95828D25E6E00001A56 /* Sources */,
				ED53C95928D25E6E00001A56 /* Frameworks */,
				ED53C95A28D25E6E00001A56 /* Resources */,
			);
			buildRules = (
			);
			dependencies = (
				ED53C96128D25E6E00001A56 /* PBXTargetDependency */,
			);
			name = NewzTests;
			productName = NewzTests;
			productReference = ED53C95C28D25E6E00001A56 /* NewzTests.xctest */;
			productType = "com.apple.product-type.bundle.unit-test";
		};
		EDE989CC28D0C18D00D6CDEF /* Newz */ = {
			isa = PBXNativeTarget;
			buildConfigurationList = EDE989DB28D0C19100D6CDEF /* Build configuration list for PBXNativeTarget "Newz" */;
			buildPhases = (
				ED53C96828D27D4000001A56 /* Run SwiftLint */,
				EDE989C928D0C18D00D6CDEF /* Sources */,
				EDE989CA28D0C18D00D6CDEF /* Frameworks */,
				EDE989CB28D0C18D00D6CDEF /* Resources */,
			);
			buildRules = (
			);
			dependencies = (
			);
			name = Newz;
			productName = Newz;
			productReference = EDE989CD28D0C18D00D6CDEF /* Newz.app */;
			productType = "com.apple.product-type.application";
		};
/* End PBXNativeTarget section */

/* Begin PBXProject section */
		EDE989C528D0C18D00D6CDEF /* Project object */ = {
			isa = PBXProject;
			attributes = {
				BuildIndependentTargetsInParallel = 1;
				LastSwiftUpdateCheck = 1400;
				LastUpgradeCheck = 1340;
				TargetAttributes = {
					ED53C95B28D25E6E00001A56 = {
						CreatedOnToolsVersion = 14.0;
						TestTargetID = EDE989CC28D0C18D00D6CDEF;
					};
					EDE989CC28D0C18D00D6CDEF = {
						CreatedOnToolsVersion = 13.4.1;
					};
				};
			};
			buildConfigurationList = EDE989C828D0C18D00D6CDEF /* Build configuration list for PBXProject "Newz" */;
			compatibilityVersion = "Xcode 13.0";
			developmentRegion = en;
			hasScannedForEncodings = 0;
			knownRegions = (
				en,
				Base,
			);
			mainGroup = EDE989C428D0C18D00D6CDEF;
			productRefGroup = EDE989CE28D0C18D00D6CDEF /* Products */;
			projectDirPath = "";
			projectRoot = "";
			targets = (
				EDE989CC28D0C18D00D6CDEF /* Newz */,
				ED53C95B28D25E6E00001A56 /* NewzTests */,
			);
		};
/* End PBXProject section */

/* Begin PBXResourcesBuildPhase section */
		ED53C95A28D25E6E00001A56 /* Resources */ = {
			isa = PBXResourcesBuildPhase;
			buildActionMask = 2147483647;
			files = (
			);
			runOnlyForDeploymentPostprocessing = 0;
		};
		EDE989CB28D0C18D00D6CDEF /* Resources */ = {
			isa = PBXResourcesBuildPhase;
			buildActionMask = 2147483647;
			files = (
				EDE989D828D0C19100D6CDEF /* Preview Assets.xcassets in Resources */,
				EDE989D528D0C19100D6CDEF /* Assets.xcassets in Resources */,
			);
			runOnlyForDeploymentPostprocessing = 0;
		};
/* End PBXResourcesBuildPhase section */

/* Begin PBXShellScriptBuildPhase section */
		ED53C96828D27D4000001A56 /* Run SwiftLint */ = {
			isa = PBXShellScriptBuildPhase;
			alwaysOutOfDate = 1;
			buildActionMask = 2147483647;
			files = (
			);
			inputFileListPaths = (
			);
			inputPaths = (
			);
			name = "Run SwiftLint";
			outputFileListPaths = (
			);
			outputPaths = (
			);
			runOnlyForDeploymentPostprocessing = 0;
			shellPath = /bin/sh;
			shellScript = "export PATH=\"$PATH:/opt/homebrew/bin\"\nif which swiftlint > /dev/null; then\n  swiftlint --fix\nelse\n  echo \"warning: SwiftLint not installed, download from https://github.com/realm/SwiftLint\"\nfi\n";
		};
/* End PBXShellScriptBuildPhase section */

/* Begin PBXSourcesBuildPhase section */
		ED53C95828D25E6E00001A56 /* Sources */ = {
			isa = PBXSourcesBuildPhase;
			buildActionMask = 2147483647;
			files = (
				ED53C96728D25EE600001A56 /* CoreDateStack.swift in Sources */,
				EDDDB7D928D36429009AFBD5 /* TestHelpers.swift in Sources */,
			);
			runOnlyForDeploymentPostprocessing = 0;
		};
		EDE989C928D0C18D00D6CDEF /* Sources */ = {
			isa = PBXSourcesBuildPhase;
			buildActionMask = 2147483647;
			files = (
				EDE989D328D0C18D00D6CDEF /* ContentView.swift in Sources */,
				EDE989D128D0C18D00D6CDEF /* NewzApp.swift in Sources */,
				ED53C95028D2449700001A56 /* NewzModel.xcdatamodeld in Sources */,
				ED53C95228D245DE00001A56 /* CoreDateStack.swift in Sources */,
				ED53C95528D248A200001A56 /* Article.swift in Sources */,
				ED53C95728D249FF00001A56 /* Article+CoreData.swift in Sources */,
			);
			runOnlyForDeploymentPostprocessing = 0;
		};
/* End PBXSourcesBuildPhase section */

/* Begin PBXTargetDependency section */
		ED53C96128D25E6E00001A56 /* PBXTargetDependency */ = {
			isa = PBXTargetDependency;
			target = EDE989CC28D0C18D00D6CDEF /* Newz */;
			targetProxy = ED53C96028D25E6E00001A56 /* PBXContainerItemProxy */;
		};
/* End PBXTargetDependency section */

/* Begin XCBuildConfiguration section */
		ED53C96328D25E6E00001A56 /* Debug */ = {
			isa = XCBuildConfiguration;
			buildSettings = {
				BUNDLE_LOADER = "$(TEST_HOST)";
				CLANG_CXX_LANGUAGE_STANDARD = "gnu++20";
				CODE_SIGN_STYLE = Automatic;
				CURRENT_PROJECT_VERSION = 1;
				GENERATE_INFOPLIST_FILE = YES;
				IPHONEOS_DEPLOYMENT_TARGET = 16.0;
				MARKETING_VERSION = 1.0;
				PRODUCT_BUNDLE_IDENTIFIER = io.mowi.news.NewzTests;
				PRODUCT_NAME = "$(TARGET_NAME)";
				SWIFT_EMIT_LOC_STRINGS = NO;
				SWIFT_VERSION = 5.0;
				TARGETED_DEVICE_FAMILY = "1,2";
				TEST_HOST = "$(BUILT_PRODUCTS_DIR)/Newz.app/$(BUNDLE_EXECUTABLE_FOLDER_PATH)/Newz";
			};
			name = Debug;
		};
		ED53C96428D25E6E00001A56 /* Release */ = {
			isa = XCBuildConfiguration;
			buildSettings = {
				BUNDLE_LOADER = "$(TEST_HOST)";
				CLANG_CXX_LANGUAGE_STANDARD = "gnu++20";
				CODE_SIGN_STYLE = Automatic;
				CURRENT_PROJECT_VERSION = 1;
				GENERATE_INFOPLIST_FILE = YES;
				IPHONEOS_DEPLOYMENT_TARGET = 16.0;
				MARKETING_VERSION = 1.0;
				PRODUCT_BUNDLE_IDENTIFIER = io.mowi.news.NewzTests;
				PRODUCT_NAME = "$(TARGET_NAME)";
				SWIFT_EMIT_LOC_STRINGS = NO;
				SWIFT_VERSION = 5.0;
				TARGETED_DEVICE_FAMILY = "1,2";
				TEST_HOST = "$(BUILT_PRODUCTS_DIR)/Newz.app/$(BUNDLE_EXECUTABLE_FOLDER_PATH)/Newz";
			};
			name = Release;
		};
		EDE989D928D0C19100D6CDEF /* Debug */ = {
			isa = XCBuildConfiguration;
			buildSettings = {
				ALWAYS_SEARCH_USER_PATHS = NO;
				CLANG_ANALYZER_NONNULL = YES;
				CLANG_ANALYZER_NUMBER_OBJECT_CONVERSION = YES_AGGRESSIVE;
				CLANG_CXX_LANGUAGE_STANDARD = "gnu++17";
				CLANG_ENABLE_MODULES = YES;
				CLANG_ENABLE_OBJC_ARC = YES;
				CLANG_ENABLE_OBJC_WEAK = YES;
				CLANG_WARN_BLOCK_CAPTURE_AUTORELEASING = YES;
				CLANG_WARN_BOOL_CONVERSION = YES;
				CLANG_WARN_COMMA = YES;
				CLANG_WARN_CONSTANT_CONVERSION = YES;
				CLANG_WARN_DEPRECATED_OBJC_IMPLEMENTATIONS = YES;
				CLANG_WARN_DIRECT_OBJC_ISA_USAGE = YES_ERROR;
				CLANG_WARN_DOCUMENTATION_COMMENTS = YES;
				CLANG_WARN_EMPTY_BODY = YES;
				CLANG_WARN_ENUM_CONVERSION = YES;
				CLANG_WARN_INFINITE_RECURSION = YES;
				CLANG_WARN_INT_CONVERSION = YES;
				CLANG_WARN_NON_LITERAL_NULL_CONVERSION = YES;
				CLANG_WARN_OBJC_IMPLICIT_RETAIN_SELF = YES;
				CLANG_WARN_OBJC_LITERAL_CONVERSION = YES;
				CLANG_WARN_OBJC_ROOT_CLASS = YES_ERROR;
				CLANG_WARN_QUOTED_INCLUDE_IN_FRAMEWORK_HEADER = YES;
				CLANG_WARN_RANGE_LOOP_ANALYSIS = YES;
				CLANG_WARN_STRICT_PROTOTYPES = YES;
				CLANG_WARN_SUSPICIOUS_MOVE = YES;
				CLANG_WARN_UNGUARDED_AVAILABILITY = YES_AGGRESSIVE;
				CLANG_WARN_UNREACHABLE_CODE = YES;
				CLANG_WARN__DUPLICATE_METHOD_MATCH = YES;
				COPY_PHASE_STRIP = NO;
				DEBUG_INFORMATION_FORMAT = dwarf;
				ENABLE_STRICT_OBJC_MSGSEND = YES;
				ENABLE_TESTABILITY = YES;
				GCC_C_LANGUAGE_STANDARD = gnu11;
				GCC_DYNAMIC_NO_PIC = NO;
				GCC_NO_COMMON_BLOCKS = YES;
				GCC_OPTIMIZATION_LEVEL = 0;
				GCC_PREPROCESSOR_DEFINITIONS = (
					"DEBUG=1",
					"$(inherited)",
				);
				GCC_WARN_64_TO_32_BIT_CONVERSION = YES;
				GCC_WARN_ABOUT_RETURN_TYPE = YES_ERROR;
				GCC_WARN_UNDECLARED_SELECTOR = YES;
				GCC_WARN_UNINITIALIZED_AUTOS = YES_AGGRESSIVE;
				GCC_WARN_UNUSED_FUNCTION = YES;
				GCC_WARN_UNUSED_VARIABLE = YES;
				IPHONEOS_DEPLOYMENT_TARGET = 15.5;
				MTL_ENABLE_DEBUG_INFO = INCLUDE_SOURCE;
				MTL_FAST_MATH = YES;
				ONLY_ACTIVE_ARCH = YES;
				SDKROOT = iphoneos;
				SWIFT_ACTIVE_COMPILATION_CONDITIONS = DEBUG;
				SWIFT_OPTIMIZATION_LEVEL = "-Onone";
			};
			name = Debug;
		};
		EDE989DA28D0C19100D6CDEF /* Release */ = {
			isa = XCBuildConfiguration;
			buildSettings = {
				ALWAYS_SEARCH_USER_PATHS = NO;
				CLANG_ANALYZER_NONNULL = YES;
				CLANG_ANALYZER_NUMBER_OBJECT_CONVERSION = YES_AGGRESSIVE;
				CLANG_CXX_LANGUAGE_STANDARD = "gnu++17";
				CLANG_ENABLE_MODULES = YES;
				CLANG_ENABLE_OBJC_ARC = YES;
				CLANG_ENABLE_OBJC_WEAK = YES;
				CLANG_WARN_BLOCK_CAPTURE_AUTORELEASING = YES;
				CLANG_WARN_BOOL_CONVERSION = YES;
				CLANG_WARN_COMMA = YES;
				CLANG_WARN_CONSTANT_CONVERSION = YES;
				CLANG_WARN_DEPRECATED_OBJC_IMPLEMENTATIONS = YES;
				CLANG_WARN_DIRECT_OBJC_ISA_USAGE = YES_ERROR;
				CLANG_WARN_DOCUMENTATION_COMMENTS = YES;
				CLANG_WARN_EMPTY_BODY = YES;
				CLANG_WARN_ENUM_CONVERSION = YES;
				CLANG_WARN_INFINITE_RECURSION = YES;
				CLANG_WARN_INT_CONVERSION = YES;
				CLANG_WARN_NON_LITERAL_NULL_CONVERSION = YES;
				CLANG_WARN_OBJC_IMPLICIT_RETAIN_SELF = YES;
				CLANG_WARN_OBJC_LITERAL_CONVERSION = YES;
				CLANG_WARN_OBJC_ROOT_CLASS = YES_ERROR;
				CLANG_WARN_QUOTED_INCLUDE_IN_FRAMEWORK_HEADER = YES;
				CLANG_WARN_RANGE_LOOP_ANALYSIS = YES;
				CLANG_WARN_STRICT_PROTOTYPES = YES;
				CLANG_WARN_SUSPICIOUS_MOVE = YES;
				CLANG_WARN_UNGUARDED_AVAILABILITY = YES_AGGRESSIVE;
				CLANG_WARN_UNREACHABLE_CODE = YES;
				CLANG_WARN__DUPLICATE_METHOD_MATCH = YES;
				COPY_PHASE_STRIP = NO;
				DEBUG_INFORMATION_FORMAT = "dwarf-with-dsym";
				ENABLE_NS_ASSERTIONS = NO;
				ENABLE_STRICT_OBJC_MSGSEND = YES;
				GCC_C_LANGUAGE_STANDARD = gnu11;
				GCC_NO_COMMON_BLOCKS = YES;
				GCC_WARN_64_TO_32_BIT_CONVERSION = YES;
				GCC_WARN_ABOUT_RETURN_TYPE = YES_ERROR;
				GCC_WARN_UNDECLARED_SELECTOR = YES;
				GCC_WARN_UNINITIALIZED_AUTOS = YES_AGGRESSIVE;
				GCC_WARN_UNUSED_FUNCTION = YES;
				GCC_WARN_UNUSED_VARIABLE = YES;
				IPHONEOS_DEPLOYMENT_TARGET = 15.5;
				MTL_ENABLE_DEBUG_INFO = NO;
				MTL_FAST_MATH = YES;
				SDKROOT = iphoneos;
				SWIFT_COMPILATION_MODE = wholemodule;
				SWIFT_OPTIMIZATION_LEVEL = "-O";
				VALIDATE_PRODUCT = YES;
			};
			name = Release;
		};
		EDE989DC28D0C19100D6CDEF /* Debug */ = {
			isa = XCBuildConfiguration;
			buildSettings = {
				ASSETCATALOG_COMPILER_APPICON_NAME = AppIcon;
				ASSETCATALOG_COMPILER_GLOBAL_ACCENT_COLOR_NAME = AccentColor;
				CODE_SIGN_STYLE = Automatic;
				CURRENT_PROJECT_VERSION = 1;
				DEVELOPMENT_ASSET_PATHS = "\"Newz/Preview Content\"";
				DEVELOPMENT_TEAM = UZJUVD46BF;
				ENABLE_PREVIEWS = YES;
				GENERATE_INFOPLIST_FILE = YES;
				INFOPLIST_KEY_UIApplicationSceneManifest_Generation = YES;
				INFOPLIST_KEY_UIApplicationSupportsIndirectInputEvents = YES;
				INFOPLIST_KEY_UILaunchScreen_Generation = YES;
				INFOPLIST_KEY_UISupportedInterfaceOrientations_iPad = "UIInterfaceOrientationPortrait UIInterfaceOrientationPortraitUpsideDown UIInterfaceOrientationLandscapeLeft UIInterfaceOrientationLandscapeRight";
				INFOPLIST_KEY_UISupportedInterfaceOrientations_iPhone = "UIInterfaceOrientationPortrait UIInterfaceOrientationLandscapeLeft UIInterfaceOrientationLandscapeRight";
				IPHONEOS_DEPLOYMENT_TARGET = 14.0;
				LD_RUNPATH_SEARCH_PATHS = (
					"$(inherited)",
					"@executable_path/Frameworks",
				);
				MARKETING_VERSION = 1.0;
				PRODUCT_BUNDLE_IDENTIFIER = io.mowi.newz.Newz;
				PRODUCT_NAME = "$(TARGET_NAME)";
				SWIFT_EMIT_LOC_STRINGS = YES;
				SWIFT_VERSION = 5.0;
				TARGETED_DEVICE_FAMILY = "1,2";
			};
			name = Debug;
		};
		EDE989DD28D0C19100D6CDEF /* Release */ = {
			isa = XCBuildConfiguration;
			buildSettings = {
				ASSETCATALOG_COMPILER_APPICON_NAME = AppIcon;
				ASSETCATALOG_COMPILER_GLOBAL_ACCENT_COLOR_NAME = AccentColor;
				CODE_SIGN_STYLE = Automatic;
				CURRENT_PROJECT_VERSION = 1;
				DEVELOPMENT_ASSET_PATHS = "\"Newz/Preview Content\"";
				DEVELOPMENT_TEAM = UZJUVD46BF;
				ENABLE_PREVIEWS = YES;
				GENERATE_INFOPLIST_FILE = YES;
				INFOPLIST_KEY_UIApplicationSceneManifest_Generation = YES;
				INFOPLIST_KEY_UIApplicationSupportsIndirectInputEvents = YES;
				INFOPLIST_KEY_UILaunchScreen_Generation = YES;
				INFOPLIST_KEY_UISupportedInterfaceOrientations_iPad = "UIInterfaceOrientationPortrait UIInterfaceOrientationPortraitUpsideDown UIInterfaceOrientationLandscapeLeft UIInterfaceOrientationLandscapeRight";
				INFOPLIST_KEY_UISupportedInterfaceOrientations_iPhone = "UIInterfaceOrientationPortrait UIInterfaceOrientationLandscapeLeft UIInterfaceOrientationLandscapeRight";
				IPHONEOS_DEPLOYMENT_TARGET = 14.0;
				LD_RUNPATH_SEARCH_PATHS = (
					"$(inherited)",
					"@executable_path/Frameworks",
				);
				MARKETING_VERSION = 1.0;
				PRODUCT_BUNDLE_IDENTIFIER = io.mowi.newz.Newz;
				PRODUCT_NAME = "$(TARGET_NAME)";
				SWIFT_EMIT_LOC_STRINGS = YES;
				SWIFT_VERSION = 5.0;
				TARGETED_DEVICE_FAMILY = "1,2";
			};
			name = Release;
		};
/* End XCBuildConfiguration section */

/* Begin XCConfigurationList section */
		ED53C96228D25E6E00001A56 /* Build configuration list for PBXNativeTarget "NewzTests" */ = {
			isa = XCConfigurationList;
			buildConfigurations = (
				ED53C96328D25E6E00001A56 /* Debug */,
				ED53C96428D25E6E00001A56 /* Release */,
			);
			defaultConfigurationIsVisible = 0;
			defaultConfigurationName = Release;
		};
		EDE989C828D0C18D00D6CDEF /* Build configuration list for PBXProject "Newz" */ = {
			isa = XCConfigurationList;
			buildConfigurations = (
				EDE989D928D0C19100D6CDEF /* Debug */,
				EDE989DA28D0C19100D6CDEF /* Release */,
			);
			defaultConfigurationIsVisible = 0;
			defaultConfigurationName = Release;
		};
		EDE989DB28D0C19100D6CDEF /* Build configuration list for PBXNativeTarget "Newz" */ = {
			isa = XCConfigurationList;
			buildConfigurations = (
				EDE989DC28D0C19100D6CDEF /* Debug */,
				EDE989DD28D0C19100D6CDEF /* Release */,
			);
			defaultConfigurationIsVisible = 0;
			defaultConfigurationName = Release;
		};
/* End XCConfigurationList section */

/* Begin XCVersionGroup section */
		ED53C94E28D2449700001A56 /* NewzModel.xcdatamodeld */ = {
			isa = XCVersionGroup;
			children = (
				ED53C94F28D2449700001A56 /* NewzModel.xcdatamodel */,
			);
			currentVersion = ED53C94F28D2449700001A56 /* NewzModel.xcdatamodel */;
			path = NewzModel.xcdatamodeld;
			sourceTree = "<group>";
			versionGroupType = wrapper.xcdatamodel;
		};
/* End XCVersionGroup section */
	};
	rootObject = EDE989C528D0C18D00D6CDEF /* Project object */;
}
